
Microsoft Visual Studio Solution File, Format Version 12.00
# Visual Studio Version 17
VisualStudioVersion = 17.12.35707.178
MinimumVisualStudioVersion = 10.0.40219.1
Project("{FAE04EC0-301F-11D3-BF4B-00C04F79EFBC}") = "CSharp_Grundlagen_170325", "CSharp_Grundlagen_170325\CSharp_Grundlagen_170325.csproj", "{4021E50A-B13B-464E-9F8B-3733A9F2513B}"
EndProject
Project("{FAE04EC0-301F-11D3-BF4B-00C04F79EFBC}") = "M002_Grundlagen", "M002_Grundlagen\M002_Grundlagen.csproj", "{96977302-7555-4889-988C-8A25D4D982C0}"
EndProject
Project("{FAE04EC0-301F-11D3-BF4B-00C04F79EFBC}") = "M003_Arrays", "M003_Arrays\M003_Arrays.csproj", "{973F8DFC-2643-4C58-B79B-B1156DC6F4F8}"
EndProject
Project("{FAE04EC0-301F-11D3-BF4B-00C04F79EFBC}") = "M004_Schleifen_Enums", "M004_Schleifen_Enums\M004_Schleifen_Enums.csproj", "{2CF12940-A752-4582-B9A7-4246FC899728}"
EndProject
Project("{FAE04EC0-301F-11D3-BF4B-00C04F79EFBC}") = "Shift_KEY", "Shift_KEY\Shift_KEY.csproj", "{C7948BDE-E2E9-46AF-BD8C-648DD2EB7329}"
EndProject
Project("{FAE04EC0-301F-11D3-BF4B-00C04F79EFBC}") = "M005_Funktionen", "M005_Funktionen\M005_Funktionen.csproj", "{A7193344-1909-43B2-987A-A238D58B7AB4}"
EndProject
Project("{FAE04EC0-301F-11D3-BF4B-00C04F79EFBC}") = "M006_OOP_Klassen", "M006_OOP_Klassen\M006_OOP_Klassen.csproj", "{343C8288-A00B-42B4-9EA7-4CD6717DC07B}"
EndProject
Global
	GlobalSection(SolutionConfigurationPlatforms) = preSolution
		Debug|Any CPU = Debug|Any CPU
		Release|Any CPU = Release|Any CPU
	EndGlobalSection
	GlobalSection(ProjectConfigurationPlatforms) = postSolution
		{4021E50A-B13B-464E-9F8B-3733A9F2513B}.Debug|Any CPU.ActiveCfg = Debug|Any CPU
		{4021E50A-B13B-464E-9F8B-3733A9F2513B}.Debug|Any CPU.Build.0 = Debug|Any CPU
		{4021E50A-B13B-464E-9F8B-3733A9F2513B}.Release|Any CPU.ActiveCfg = Release|Any CPU
		{4021E50A-B13B-464E-9F8B-3733A9F2513B}.Release|Any CPU.Build.0 = Release|Any CPU
		{96977302-7555-4889-988C-8A25D4D982C0}.Debug|Any CPU.ActiveCfg = Debug|Any CPU
		{96977302-7555-4889-988C-8A25D4D982C0}.Debug|Any CPU.Build.0 = Debug|Any CPU
		{96977302-7555-4889-988C-8A25D4D982C0}.Release|Any CPU.ActiveCfg = Release|Any CPU
		{96977302-7555-4889-988C-8A25D4D982C0}.Release|Any CPU.Build.0 = Release|Any CPU
		{973F8DFC-2643-4C58-B79B-B1156DC6F4F8}.Debug|Any CPU.ActiveCfg = Debug|Any CPU
		{973F8DFC-2643-4C58-B79B-B1156DC6F4F8}.Debug|Any CPU.Build.0 = Debug|Any CPU
		{973F8DFC-2643-4C58-B79B-B1156DC6F4F8}.Release|Any CPU.ActiveCfg = Release|Any CPU
		{973F8DFC-2643-4C58-B79B-B1156DC6F4F8}.Release|Any CPU.Build.0 = Release|Any CPU
		{2CF12940-A752-4582-B9A7-4246FC899728}.Debug|Any CPU.ActiveCfg = Debug|Any CPU
		{2CF12940-A752-4582-B9A7-4246FC899728}.Debug|Any CPU.Build.0 = Debug|Any CPU
		{2CF12940-A752-4582-B9A7-4246FC899728}.Release|Any CPU.ActiveCfg = Release|Any CPU
		{2CF12940-A752-4582-B9A7-4246FC899728}.Release|Any CPU.Build.0 = Release|Any CPU
		{C7948BDE-E2E9-46AF-BD8C-648DD2EB7329}.Debug|Any CPU.ActiveCfg = Debug|Any CPU
		{C7948BDE-E2E9-46AF-BD8C-648DD2EB7329}.Debug|Any CPU.Build.0 = Debug|Any CPU
		{C7948BDE-E2E9-46AF-BD8C-648DD2EB7329}.Release|Any CPU.ActiveCfg = Release|Any CPU
		{C7948BDE-E2E9-46AF-BD8C-648DD2EB7329}.Release|Any CPU.Build.0 = Release|Any CPU
		{A7193344-1909-43B2-987A-A238D58B7AB4}.Debug|Any CPU.ActiveCfg = Debug|Any CPU
		{A7193344-1909-43B2-987A-A238D58B7AB4}.Debug|Any CPU.Build.0 = Debug|Any CPU
		{A7193344-1909-43B2-987A-A238D58B7AB4}.Release|Any CPU.ActiveCfg = Release|Any CPU
		{A7193344-1909-43B2-987A-A238D58B7AB4}.Release|Any CPU.Build.0 = Release|Any CPU
		{343C8288-A00B-42B4-9EA7-4CD6717DC07B}.Debug|Any CPU.ActiveCfg = Debug|Any CPU
		{343C8288-A00B-42B4-9EA7-4CD6717DC07B}.Debug|Any CPU.Build.0 = Debug|Any CPU
		{343C8288-A00B-42B4-9EA7-4CD6717DC07B}.Release|Any CPU.ActiveCfg = Release|Any CPU
		{343C8288-A00B-42B4-9EA7-4CD6717DC07B}.Release|Any CPU.Build.0 = Release|Any CPU
	EndGlobalSection
	GlobalSection(SolutionProperties) = preSolution
		HideSolutionNode = FALSE
	EndGlobalSection
EndGlobal
